
Microsoft Visual Studio Solution File, Format Version 12.00
# Visual Studio 14
VisualStudioVersion = 14.0.25420.1
MinimumVisualStudioVersion = 10.0.40219.1
Project("{FAE04EC0-301F-11D3-BF4B-00C04F79EFBC}") = "Data.TableManipulation", "Data.TableManipulation\Data.TableManipulation.csproj", "{ABEF33A2-26AD-4E46-8C21-34C3F8507E08}"
EndProject
Global
	GlobalSection(SolutionConfigurationPlatforms) = preSolution
		Debug|Any CPU = Debug|Any CPU
		Release|Any CPU = Release|Any CPU
	EndGlobalSection
	GlobalSection(ProjectConfigurationPlatforms) = postSolution
		{ABEF33A2-26AD-4E46-8C21-34C3F8507E08}.Debug|Any CPU.ActiveCfg = Debug|Any CPU
		{ABEF33A2-26AD-4E46-8C21-34C3F8507E08}.Debug|Any CPU.Build.0 = Debug|Any CPU
		{ABEF33A2-26AD-4E46-8C21-34C3F8507E08}.Release|Any CPU.ActiveCfg = Release|Any CPU
		{ABEF33A2-26AD-4E46-8C21-34C3F8507E08}.Release|Any CPU.Build.0 = Release|Any CPU
	EndGlobalSection
	GlobalSection(SolutionProperties) = preSolution
		HideSolutionNode = FALSE
	EndGlobalSection
EndGlobal
